
Microsoft Visual Studio Solution File, Format Version 12.00
# Visual Studio Version 16
VisualStudioVersion = 16.0.31624.102
MinimumVisualStudioVersion = 10.0.40219.1
Project("{FAE04EC0-301F-11D3-BF4B-00C04F79EFBC}") = "minsvepare", "minsvepare\minsvepare.csproj", "{71F93E70-65D3-4656-A777-5BDD66E11669}"
EndProject
Global
	GlobalSection(SolutionConfigurationPlatforms) = preSolution
		Debug|Any CPU = Debug|Any CPU
		Release|Any CPU = Release|Any CPU
	EndGlobalSection
	GlobalSection(ProjectConfigurationPlatforms) = postSolution
		{71F93E70-65D3-4656-A777-5BDD66E11669}.Debug|Any CPU.ActiveCfg = Debug|Any CPU
		{71F93E70-65D3-4656-A777-5BDD66E11669}.Debug|Any CPU.Build.0 = Debug|Any CPU
		{71F93E70-65D3-4656-A777-5BDD66E11669}.Release|Any CPU.ActiveCfg = Release|Any CPU
		{71F93E70-65D3-4656-A777-5BDD66E11669}.Release|Any CPU.Build.0 = Release|Any CPU
	EndGlobalSection
	GlobalSection(SolutionProperties) = preSolution
		HideSolutionNode = FALSE
	EndGlobalSection
	GlobalSection(ExtensibilityGlobals) = postSolution
		SolutionGuid = {111CC8DC-F080-484C-AD41-B89D90FE4B56}
	EndGlobalSection
EndGlobal
